github.com/Li-giegie/go-scout v0.0.0-20230113080808-1e3284b6562a h1:lC5LXAp3U4zopv6/PjAlpp5tDihLKnhp2yZXwu2TYBk=
github.com/Li-giegie/go-scout v0.0.0-20230113080808-1e3284b6562a/go.mod h1:ascoVZeJvC+dmIx9GWqxowGX0/uAAu8dUnQjY+v1f+Q=
github.com/Li-giegie/go-scout v0.0.0-20230130070358-46f6614eda3a h1:06bTduzsKuV4a1XC9r3bDfe86I+D7fKtKJLEHLazbDQ=
github.com/Li-giegie/go-scout v0.0.0-20230130070358-46f6614eda3a/go.mod h1:ascoVZeJvC+dmIx9GWqxowGX0/uAAu8dUnQjY+v1f+Q=
github.com/Li-giegie/go-scout v0.0.0-20230130074222-c4147dc71ff3 h1:SPnDXtUqYDPevnUjfBDsw+2yUR7KXjQn7cMas+OrMTw=
github.com/Li-giegie/go-scout v0.0.0-20230130074222-c4147dc71ff3/go.mod h1:ascoVZeJvC+dmIx9GWqxowGX0/uAAu8dUnQjY+v1f+Q=
github.com/Li-giegie/go-scout v0.0.0-20230130075054-5667c9829215 h1:t1L3F/BCExbAEqwbQBJGXcn3180pMP8IB3tujHYJiy0=
github.com/Li-giegie/go-scout v0.0.0-20230130075054-5667c9829215/go.mod h1:ascoVZeJvC+dmIx9GWqxowGX0/uAAu8dUnQjY+v1f+Q=
github.com/dablelv/go-huge-util v0.0.30 h1:QuCMQQzhH67qB0S1u1eRmfzgZlH+qCGgHvhAbO/e1M4=
github.com/dablelv/go-huge-util v0.0.30/go.mod h1:CTdXt+L11UBDS+dg9LPgslqDMXcCvhTv51IikcQDxGA=
github.com/dablelv/go-huge-util v0.0.31 h1:V6OFWmGwjdl1s+dGImF/S6crESVzm8x9+PaUF7KrYBk=
github.com/dablelv/go-huge-util v0.0.31/go.mod h1:CTdXt+L11UBDS+dg9LPgslqDMXcCvhTv51IikcQDxGA=
github.com/davecgh/go-spew v1.1.1 h1:vj9j/u1bqnvCEfJOwUhtlOARqs3+rkHYY13jYWTU97c=
github.com/pmezard/go-difflib v1.0.0 h1:4DBwDE0NGyQoBHbLQYPwSUPoCMWR5BEzIk/f1lZbAQM=
github.com/stretchr/testify v1.7.0 h1:nwc3DEeHmmLAfoZucVR881uASk0Mfjw8xYJ99tb5CcY=
gopkg.in/check.v1 v0.0.0-20161208181325-20d25e280405 h1:yhCVgyC4o1eVCa2tZl7eS0r+SDo693bJlVdllGtEeKM=
gopkg.in/check.v1 v0.0.0-20161208181325-20d25e280405/go.mod h1:Co6ibVJAznAaIkqp8huTwlJQCZ016jof/cbN4VW5Yz0=
gopkg.in/yaml.v3 v3.0.1 h1:fxVm/GzAzEWqLHuvctI91KS9hhNmmWOoWu0XTYJS7CA=
gopkg.in/yaml.v3 v3.0.1/go.mod h1:K4uyk7z7BCEPqu6E+C64Yfv1cQ7kz7rIZviUmN+EgEM=
